
Microsoft Visual Studio Solution File, Format Version 12.00
# Visual Studio Version 17
VisualStudioVersion = 17.9.34728.123
MinimumVisualStudioVersion = 10.0.40219.1
Project("{FAE04EC0-301F-11D3-BF4B-00C04F79EFBC}") = "DotNetSale", "DotNetSale\DotNetSale.csproj", "{1D73BA77-6AD8-4B20-A5ED-1F66EA5F3CAD}"
EndProject
Project("{FAE04EC0-301F-11D3-BF4B-00C04F79EFBC}") = "DotNetSale.Tests", "DotNetSale.Tests\DotNetSale.Tests.csproj", "{408DEA02-6F03-4DD3-9C0C-62663690EBCE}"
EndProject
Project("{00D1A9C2-B5F0-4AF3-8072-F6C62B433612}") = "DotNetSale.SqlServer", "DotNetSale.SqlServer\DotNetSale.SqlServer.sqlproj", "{465E6520-7618-46E4-AB2C-016C1F9A6038}"
EndProject
Project("{9A19103F-16F7-4668-BE54-9A1E7A4F7556}") = "VisualAcademy", "VisualAcademy\VisualAcademy.csproj", "{F50C7CF1-E8E5-4CC3-9934-2D5ED82D145E}"
EndProject
Global
	GlobalSection(SolutionConfigurationPlatforms) = preSolution
		Debug|Any CPU = Debug|Any CPU
		Release|Any CPU = Release|Any CPU
	EndGlobalSection
	GlobalSection(ProjectConfigurationPlatforms) = postSolution
		{1D73BA77-6AD8-4B20-A5ED-1F66EA5F3CAD}.Debug|Any CPU.ActiveCfg = Debug|Any CPU
		{1D73BA77-6AD8-4B20-A5ED-1F66EA5F3CAD}.Debug|Any CPU.Build.0 = Debug|Any CPU
		{1D73BA77-6AD8-4B20-A5ED-1F66EA5F3CAD}.Release|Any CPU.ActiveCfg = Release|Any CPU
		{1D73BA77-6AD8-4B20-A5ED-1F66EA5F3CAD}.Release|Any CPU.Build.0 = Release|Any CPU
		{408DEA02-6F03-4DD3-9C0C-62663690EBCE}.Debug|Any CPU.ActiveCfg = Debug|Any CPU
		{408DEA02-6F03-4DD3-9C0C-62663690EBCE}.Debug|Any CPU.Build.0 = Debug|Any CPU
		{408DEA02-6F03-4DD3-9C0C-62663690EBCE}.Release|Any CPU.ActiveCfg = Release|Any CPU
		{408DEA02-6F03-4DD3-9C0C-62663690EBCE}.Release|Any CPU.Build.0 = Release|Any CPU
		{465E6520-7618-46E4-AB2C-016C1F9A6038}.Debug|Any CPU.ActiveCfg = Debug|Any CPU
		{465E6520-7618-46E4-AB2C-016C1F9A6038}.Debug|Any CPU.Build.0 = Debug|Any CPU
		{465E6520-7618-46E4-AB2C-016C1F9A6038}.Debug|Any CPU.Deploy.0 = Debug|Any CPU
		{465E6520-7618-46E4-AB2C-016C1F9A6038}.Release|Any CPU.ActiveCfg = Release|Any CPU
		{465E6520-7618-46E4-AB2C-016C1F9A6038}.Release|Any CPU.Build.0 = Release|Any CPU
		{465E6520-7618-46E4-AB2C-016C1F9A6038}.Release|Any CPU.Deploy.0 = Release|Any CPU
		{F50C7CF1-E8E5-4CC3-9934-2D5ED82D145E}.Debug|Any CPU.ActiveCfg = Debug|Any CPU
		{F50C7CF1-E8E5-4CC3-9934-2D5ED82D145E}.Debug|Any CPU.Build.0 = Debug|Any CPU
		{F50C7CF1-E8E5-4CC3-9934-2D5ED82D145E}.Release|Any CPU.ActiveCfg = Release|Any CPU
		{F50C7CF1-E8E5-4CC3-9934-2D5ED82D145E}.Release|Any CPU.Build.0 = Release|Any CPU
	EndGlobalSection
	GlobalSection(SolutionProperties) = preSolution
		HideSolutionNode = FALSE
	EndGlobalSection
	GlobalSection(ExtensibilityGlobals) = postSolution
		SolutionGuid = {96C4BD6A-D619-4DFF-9B37-AD1E824C470E}
	EndGlobalSection
EndGlobal
